
Microsoft Visual Studio Solution File, Format Version 12.00
# Visual Studio 14
VisualStudioVersion = 14.0.23107.0
MinimumVisualStudioVersion = 10.0.40219.1
Project("{FAE04EC0-301F-11D3-BF4B-00C04F79EFBC}") = "GoodEmail", "GoodEmail\GoodEmail.csproj", "{58318C8D-65C0-4E52-9213-C185616BA5A9}"
EndProject
Project("{FAE04EC0-301F-11D3-BF4B-00C04F79EFBC}") = "GoodEmailTests", "GoodEmailTests\GoodEmailTests.csproj", "{6F989BB8-139F-48D7-B9A4-581C5389A9CC}"
EndProject
Global
	GlobalSection(SolutionConfigurationPlatforms) = preSolution
		Debug|Any CPU = Debug|Any CPU
		Release|Any CPU = Release|Any CPU
	EndGlobalSection
	GlobalSection(ProjectConfigurationPlatforms) = postSolution
		{58318C8D-65C0-4E52-9213-C185616BA5A9}.Debug|Any CPU.ActiveCfg = Debug|Any CPU
		{58318C8D-65C0-4E52-9213-C185616BA5A9}.Debug|Any CPU.Build.0 = Debug|Any CPU
		{58318C8D-65C0-4E52-9213-C185616BA5A9}.Release|Any CPU.ActiveCfg = Release|Any CPU
		{58318C8D-65C0-4E52-9213-C185616BA5A9}.Release|Any CPU.Build.0 = Release|Any CPU
		{6F989BB8-139F-48D7-B9A4-581C5389A9CC}.Debug|Any CPU.ActiveCfg = Debug|Any CPU
		{6F989BB8-139F-48D7-B9A4-581C5389A9CC}.Debug|Any CPU.Build.0 = Debug|Any CPU
		{6F989BB8-139F-48D7-B9A4-581C5389A9CC}.Release|Any CPU.ActiveCfg = Release|Any CPU
		{6F989BB8-139F-48D7-B9A4-581C5389A9CC}.Release|Any CPU.Build.0 = Release|Any CPU
	EndGlobalSection
	GlobalSection(SolutionProperties) = preSolution
		HideSolutionNode = FALSE
	EndGlobalSection
EndGlobal
